<?xml version="1.0" encoding="UTF-8" standalone="yes" ?>
<CodeBlocks_project_file>
	<FileVersion major="1" minor="6" />
	<Project>
		<Option title="Trabalho_1" />
		<Option pch_mode="2" />
		<Option compiler="gcc" />
		<Build>
			<Target title="Debug">
				<Option output="bin/Debug/Trabalho_1" prefix_auto="1" extension_auto="1" />
				<Option object_output="obj/Debug/" />
				<Option type="1" />
				<Option compiler="gcc" />
				<Compiler>
					<Add option="-g" />
				</Compiler>
			</Target>
			<Target title="Release">
				<Option output="bin/Release/Trabalho_1" prefix_auto="1" extension_auto="1" />
				<Option object_output="obj/Release/" />
				<Option type="1" />
				<Option compiler="gcc" />
				<Compiler>
					<Add option="-O2" />
				</Compiler>
				<Linker>
					<Add option="-s" />
				</Linker>
			</Target>
		</Build>
		<Compiler>
			<Add option="-Wall" />
			<Add option="-fexceptions" />
		</Compiler>
		<Unit filename="docs/html/CodigoPagamento_8h_source.html" />
		<Unit filename="docs/html/CodigoTitulo_8h_source.html" />
		<Unit filename="docs/html/Conta_8h_source.html" />
		<Unit filename="docs/html/Cpf_8h_source.html" />
		<Unit filename="docs/html/Data_8h_source.html" />
		<Unit filename="docs/html/Dinheiro_8h_source.html" />
		<Unit filename="docs/html/Estado_8h_source.html" />
		<Unit filename="docs/html/Nome_8h_source.html" />
		<Unit filename="docs/html/Pagamento_8h_source.html" />
		<Unit filename="docs/html/Percentual_8h_source.html" />
		<Unit filename="docs/html/Senha_8h_source.html" />
		<Unit filename="docs/html/Setor_8h_source.html" />
		<Unit filename="docs/html/TUCodigoPagamento_8h_source.html" />
		<Unit filename="docs/html/TUCodigoTitulo_8h_source.html" />
		<Unit filename="docs/html/TUConta_8h_source.html" />
		<Unit filename="docs/html/TUCpf_8h_source.html" />
		<Unit filename="docs/html/TUData_8h_source.html" />
		<Unit filename="docs/html/TUDinheiro_8h_source.html" />
		<Unit filename="docs/html/TUEstado_8h_source.html" />
		<Unit filename="docs/html/TUNome_8h_source.html" />
		<Unit filename="docs/html/TUPagamento_8h_source.html" />
		<Unit filename="docs/html/TUPercentual_8h_source.html" />
		<Unit filename="docs/html/TUSenha_8h_source.html" />
		<Unit filename="docs/html/TUSetor_8h_source.html" />
		<Unit filename="docs/html/TUTitulo_8h_source.html" />
		<Unit filename="docs/html/Titulo_8h_source.html" />
		<Unit filename="docs/html/annotated.html" />
		<Unit filename="docs/html/bc_s.png" />
		<Unit filename="docs/html/bc_sd.png" />
		<Unit filename="docs/html/classCodigoPagamento-members.html" />
		<Unit filename="docs/html/classCodigoPagamento.html" />
		<Unit filename="docs/html/classCodigoTitulo-members.html" />
		<Unit filename="docs/html/classCodigoTitulo.html" />
		<Unit filename="docs/html/classConta-members.html" />
		<Unit filename="docs/html/classConta.html" />
		<Unit filename="docs/html/classCpf-members.html" />
		<Unit filename="docs/html/classCpf.html" />
		<Unit filename="docs/html/classData-members.html" />
		<Unit filename="docs/html/classData.html" />
		<Unit filename="docs/html/classDinheiro-members.html" />
		<Unit filename="docs/html/classDinheiro.html" />
		<Unit filename="docs/html/classEstado-members.html" />
		<Unit filename="docs/html/classEstado.html" />
		<Unit filename="docs/html/classNome-members.html" />
		<Unit filename="docs/html/classNome.html" />
		<Unit filename="docs/html/classPagamento-members.html" />
		<Unit filename="docs/html/classPagamento.html" />
		<Unit filename="docs/html/classPercentual-members.html" />
		<Unit filename="docs/html/classPercentual.html" />
		<Unit filename="docs/html/classSenha-members.html" />
		<Unit filename="docs/html/classSenha.html" />
		<Unit filename="docs/html/classSetor-members.html" />
		<Unit filename="docs/html/classSetor.html" />
		<Unit filename="docs/html/classTUCodigoPagamento-members.html" />
		<Unit filename="docs/html/classTUCodigoPagamento.html" />
		<Unit filename="docs/html/classTUCodigoTitulo-members.html" />
		<Unit filename="docs/html/classTUCodigoTitulo.html" />
		<Unit filename="docs/html/classTUConta-members.html" />
		<Unit filename="docs/html/classTUConta.html" />
		<Unit filename="docs/html/classTUCpf-members.html" />
		<Unit filename="docs/html/classTUCpf.html" />
		<Unit filename="docs/html/classTUData-members.html" />
		<Unit filename="docs/html/classTUData.html" />
		<Unit filename="docs/html/classTUDinheiro-members.html" />
		<Unit filename="docs/html/classTUDinheiro.html" />
		<Unit filename="docs/html/classTUEstado-members.html" />
		<Unit filename="docs/html/classTUEstado.html" />
		<Unit filename="docs/html/classTUNome-members.html" />
		<Unit filename="docs/html/classTUNome.html" />
		<Unit filename="docs/html/classTUPagamento-members.html" />
		<Unit filename="docs/html/classTUPagamento.html" />
		<Unit filename="docs/html/classTUPercentual-members.html" />
		<Unit filename="docs/html/classTUPercentual.html" />
		<Unit filename="docs/html/classTUSenha-members.html" />
		<Unit filename="docs/html/classTUSenha.html" />
		<Unit filename="docs/html/classTUSetor-members.html" />
		<Unit filename="docs/html/classTUSetor.html" />
		<Unit filename="docs/html/classTUTitulo-members.html" />
		<Unit filename="docs/html/classTUTitulo.html" />
		<Unit filename="docs/html/classTitulo-members.html" />
		<Unit filename="docs/html/classTitulo.html" />
		<Unit filename="docs/html/classes.html" />
		<Unit filename="docs/html/clipboard.js" />
		<Unit filename="docs/html/closed.png" />
		<Unit filename="docs/html/cookie.js" />
		<Unit filename="docs/html/dir_232387be5d75cad4aa6f5981b8a1ae82.html" />
		<Unit filename="docs/html/dir_23e5618e5246a9f337a3df4937ef6d00.html" />
		<Unit filename="docs/html/dir_34ddda5fd4f57a835a93c0858b65d4b4.html" />
		<Unit filename="docs/html/dir_45d9bfd3034b7d1506feaf01c9e70d82.html" />
		<Unit filename="docs/html/dir_68267d1309a1af8e8297ef4c3efbcdba.html" />
		<Unit filename="docs/html/dir_7fdfc1064c76c6bab5e209d300bf2cbf.html" />
		<Unit filename="docs/html/dir_85a34f3fde6a5f75a7d94f00edefa03d.html" />
		<Unit filename="docs/html/dir_b3a280a924a7aadaa85b780b1f5f08f3.html" />
		<Unit filename="docs/html/dir_cb6bac479c59ab751eef147f08a54298.html" />
		<Unit filename="docs/html/dir_d44c64559bbebec7f509842c48db8b23.html" />
		<Unit filename="docs/html/dir_d6f89de42c181e660eb5b9b411356ce1.html" />
		<Unit filename="docs/html/doc.svg" />
		<Unit filename="docs/html/docd.svg" />
		<Unit filename="docs/html/doxygen.css" />
		<Unit filename="docs/html/doxygen.svg" />
		<Unit filename="docs/html/doxygen_crawl.html" />
		<Unit filename="docs/html/dynsections.js" />
		<Unit filename="docs/html/files.html" />
		<Unit filename="docs/html/folderclosed.svg" />
		<Unit filename="docs/html/folderclosedd.svg" />
		<Unit filename="docs/html/folderopen.svg" />
		<Unit filename="docs/html/folderopend.svg" />
		<Unit filename="docs/html/functions.html" />
		<Unit filename="docs/html/functions_func.html" />
		<Unit filename="docs/html/functions_vars.html" />
		<Unit filename="docs/html/index.html" />
		<Unit filename="docs/html/jquery.js" />
		<Unit filename="docs/html/menu.js" />
		<Unit filename="docs/html/menudata.js" />
		<Unit filename="docs/html/minus.svg" />
		<Unit filename="docs/html/minusd.svg" />
		<Unit filename="docs/html/nav_f.png" />
		<Unit filename="docs/html/nav_fd.png" />
		<Unit filename="docs/html/nav_g.png" />
		<Unit filename="docs/html/nav_h.png" />
		<Unit filename="docs/html/nav_hd.png" />
		<Unit filename="docs/html/open.png" />
		<Unit filename="docs/html/plus.svg" />
		<Unit filename="docs/html/plusd.svg" />
		<Unit filename="docs/html/search/all_0.js" />
		<Unit filename="docs/html/search/all_1.js" />
		<Unit filename="docs/html/search/all_2.js" />
		<Unit filename="docs/html/search/all_3.js" />
		<Unit filename="docs/html/search/all_4.js" />
		<Unit filename="docs/html/search/all_5.js" />
		<Unit filename="docs/html/search/all_6.js" />
		<Unit filename="docs/html/search/all_7.js" />
		<Unit filename="docs/html/search/all_8.js" />
		<Unit filename="docs/html/search/classes_0.js" />
		<Unit filename="docs/html/search/classes_1.js" />
		<Unit filename="docs/html/search/classes_2.js" />
		<Unit filename="docs/html/search/classes_3.js" />
		<Unit filename="docs/html/search/classes_4.js" />
		<Unit filename="docs/html/search/classes_5.js" />
		<Unit filename="docs/html/search/classes_6.js" />
		<Unit filename="docs/html/search/close.svg" />
		<Unit filename="docs/html/search/functions_0.js" />
		<Unit filename="docs/html/search/functions_1.js" />
		<Unit filename="docs/html/search/functions_2.js" />
		<Unit filename="docs/html/search/functions_3.js" />
		<Unit filename="docs/html/search/functions_4.js" />
		<Unit filename="docs/html/search/functions_5.js" />
		<Unit filename="docs/html/search/functions_6.js" />
		<Unit filename="docs/html/search/functions_7.js" />
		<Unit filename="docs/html/search/mag.svg" />
		<Unit filename="docs/html/search/mag_d.svg" />
		<Unit filename="docs/html/search/mag_sel.svg" />
		<Unit filename="docs/html/search/mag_seld.svg" />
		<Unit filename="docs/html/search/search.css" />
		<Unit filename="docs/html/search/search.js" />
		<Unit filename="docs/html/search/searchdata.js" />
		<Unit filename="docs/html/search/variables_0.js" />
		<Unit filename="docs/html/splitbar.png" />
		<Unit filename="docs/html/splitbard.png" />
		<Unit filename="docs/html/sync_off.png" />
		<Unit filename="docs/html/sync_on.png" />
		<Unit filename="docs/html/tab_a.png" />
		<Unit filename="docs/html/tab_ad.png" />
		<Unit filename="docs/html/tab_b.png" />
		<Unit filename="docs/html/tab_bd.png" />
		<Unit filename="docs/html/tab_h.png" />
		<Unit filename="docs/html/tab_hd.png" />
		<Unit filename="docs/html/tab_s.png" />
		<Unit filename="docs/html/tab_sd.png" />
		<Unit filename="docs/html/tabs.css" />
		<Unit filename="docs/latex/CodigoPagamento_8h_source.tex" />
		<Unit filename="docs/latex/CodigoTitulo_8h_source.tex" />
		<Unit filename="docs/latex/Conta_8h_source.tex" />
		<Unit filename="docs/latex/Cpf_8h_source.tex" />
		<Unit filename="docs/latex/Data_8h_source.tex" />
		<Unit filename="docs/latex/Dinheiro_8h_source.tex" />
		<Unit filename="docs/latex/Estado_8h_source.tex" />
		<Unit filename="docs/latex/Makefile" />
		<Unit filename="docs/latex/Nome_8h_source.tex" />
		<Unit filename="docs/latex/Pagamento_8h_source.tex" />
		<Unit filename="docs/latex/Percentual_8h_source.tex" />
		<Unit filename="docs/latex/Senha_8h_source.tex" />
		<Unit filename="docs/latex/Setor_8h_source.tex" />
		<Unit filename="docs/latex/TUCodigoPagamento_8h_source.tex" />
		<Unit filename="docs/latex/TUCodigoTitulo_8h_source.tex" />
		<Unit filename="docs/latex/TUConta_8h_source.tex" />
		<Unit filename="docs/latex/TUCpf_8h_source.tex" />
		<Unit filename="docs/latex/TUData_8h_source.tex" />
		<Unit filename="docs/latex/TUDinheiro_8h_source.tex" />
		<Unit filename="docs/latex/TUEstado_8h_source.tex" />
		<Unit filename="docs/latex/TUNome_8h_source.tex" />
		<Unit filename="docs/latex/TUPagamento_8h_source.tex" />
		<Unit filename="docs/latex/TUPercentual_8h_source.tex" />
		<Unit filename="docs/latex/TUSenha_8h_source.tex" />
		<Unit filename="docs/latex/TUSetor_8h_source.tex" />
		<Unit filename="docs/latex/TUTitulo_8h_source.tex" />
		<Unit filename="docs/latex/Titulo_8h_source.tex" />
		<Unit filename="docs/latex/annotated.tex" />
		<Unit filename="docs/latex/classCodigoPagamento.tex" />
		<Unit filename="docs/latex/classCodigoTitulo.tex" />
		<Unit filename="docs/latex/classConta.tex" />
		<Unit filename="docs/latex/classCpf.tex" />
		<Unit filename="docs/latex/classData.tex" />
		<Unit filename="docs/latex/classDinheiro.tex" />
		<Unit filename="docs/latex/classEstado.tex" />
		<Unit filename="docs/latex/classNome.tex" />
		<Unit filename="docs/latex/classPagamento.tex" />
		<Unit filename="docs/latex/classPercentual.tex" />
		<Unit filename="docs/latex/classSenha.tex" />
		<Unit filename="docs/latex/classSetor.tex" />
		<Unit filename="docs/latex/classTUCodigoPagamento.tex" />
		<Unit filename="docs/latex/classTUCodigoTitulo.tex" />
		<Unit filename="docs/latex/classTUConta.tex" />
		<Unit filename="docs/latex/classTUCpf.tex" />
		<Unit filename="docs/latex/classTUData.tex" />
		<Unit filename="docs/latex/classTUDinheiro.tex" />
		<Unit filename="docs/latex/classTUEstado.tex" />
		<Unit filename="docs/latex/classTUNome.tex" />
		<Unit filename="docs/latex/classTUPagamento.tex" />
		<Unit filename="docs/latex/classTUPercentual.tex" />
		<Unit filename="docs/latex/classTUSenha.tex" />
		<Unit filename="docs/latex/classTUSetor.tex" />
		<Unit filename="docs/latex/classTUTitulo.tex" />
		<Unit filename="docs/latex/classTitulo.tex" />
		<Unit filename="docs/latex/doxygen.sty" />
		<Unit filename="docs/latex/etoc_doxygen.sty" />
		<Unit filename="docs/latex/files.tex" />
		<Unit filename="docs/latex/longtable_doxygen.sty" />
		<Unit filename="docs/latex/refman.tex" />
		<Unit filename="docs/latex/tabu_doxygen.sty" />
		<Unit filename="include/dominios_h/CodigoPagamento.h" />
		<Unit filename="include/dominios_h/CodigoTitulo.h" />
		<Unit filename="include/dominios_h/Cpf.h" />
		<Unit filename="include/dominios_h/Data.h" />
		<Unit filename="include/dominios_h/Dinheiro.h" />
		<Unit filename="include/dominios_h/Estado.h" />
		<Unit filename="include/dominios_h/Nome.h" />
		<Unit filename="include/dominios_h/Percentual.h" />
		<Unit filename="include/dominios_h/Senha.h" />
		<Unit filename="include/dominios_h/Setor.h" />
		<Unit filename="include/entidades_h/Conta.h" />
		<Unit filename="include/entidades_h/Pagamento.h" />
		<Unit filename="include/entidades_h/Titulo.h" />
		<Unit filename="include/interfaces_h/InterfacesApresentacao.h" />
		<Unit filename="include/interfaces_h/InterfacesServicos.h" />
		<Unit filename="include/testes_h/dominios/TUCodigoPagamento.h" />
		<Unit filename="include/testes_h/dominios/TUCodigoTitulo.h" />
		<Unit filename="include/testes_h/dominios/TUCpf.h" />
		<Unit filename="include/testes_h/dominios/TUData.h" />
		<Unit filename="include/testes_h/dominios/TUDinheiro.h" />
		<Unit filename="include/testes_h/dominios/TUEstado.h" />
		<Unit filename="include/testes_h/dominios/TUNome.h" />
		<Unit filename="include/testes_h/dominios/TUPercentual.h" />
		<Unit filename="include/testes_h/dominios/TUSenha.h" />
		<Unit filename="include/testes_h/dominios/TUSetor.h" />
		<Unit filename="include/testes_h/entidades/TUConta.h" />
		<Unit filename="include/testes_h/entidades/TUPagamento.h" />
		<Unit filename="include/testes_h/entidades/TUTitulo.h" />
		<Unit filename="main.cpp" />
		<Unit filename="src/dominios_cpp/CodigoPagamento.cpp" />
		<Unit filename="src/dominios_cpp/CodigoTitulo.cpp" />
		<Unit filename="src/dominios_cpp/Cpf.cpp" />
		<Unit filename="src/dominios_cpp/Data.cpp" />
		<Unit filename="src/dominios_cpp/Dinheiro.cpp" />
		<Unit filename="src/dominios_cpp/Estado.cpp" />
		<Unit filename="src/dominios_cpp/Nome.cpp" />
		<Unit filename="src/dominios_cpp/Percentual.cpp" />
		<Unit filename="src/dominios_cpp/Senha.cpp" />
		<Unit filename="src/dominios_cpp/Setor.cpp" />
		<Unit filename="src/entidades.cpp" />
		<Unit filename="src/testes_cpp/dominios/TUCodigoPagamento.cpp" />
		<Unit filename="src/testes_cpp/dominios/TUCodigoTitulo.cpp" />
		<Unit filename="src/testes_cpp/dominios/TUCpf.cpp" />
		<Unit filename="src/testes_cpp/dominios/TUData.cpp" />
		<Unit filename="src/testes_cpp/dominios/TUDinheiro.cpp" />
		<Unit filename="src/testes_cpp/dominios/TUEstado.cpp" />
		<Unit filename="src/testes_cpp/dominios/TUNome.cpp" />
		<Unit filename="src/testes_cpp/dominios/TUPercentual.cpp" />
		<Unit filename="src/testes_cpp/dominios/TUSenha.cpp" />
		<Unit filename="src/testes_cpp/dominios/TUSetor.cpp" />
		<Unit filename="src/testes_cpp/entidades/TUConta.cpp" />
		<Unit filename="src/testes_cpp/entidades/TUPagamento.cpp" />
		<Unit filename="src/testes_cpp/entidades/TUTitulo.cpp" />
		<Extensions>
			<lib_finder disable_auto="1" />
		</Extensions>
	</Project>
</CodeBlocks_project_file>
